
Microsoft Visual Studio Solution File, Format Version 12.00
# Visual Studio Version 17
VisualStudioVersion = 17.11.35219.272
MinimumVisualStudioVersion = 10.0.40219.1
Project("{FAE04EC0-301F-11D3-BF4B-00C04F79EFBC}") = "MauiCRUD", "MauiCRUD\MauiCRUD.csproj", "{FF41B2F2-FB4F-455D-A92B-F6A6E9533F0C}"
EndProject
Global
	GlobalSection(SolutionConfigurationPlatforms) = preSolution
		Debug|Any CPU = Debug|Any CPU
		Release|Any CPU = Release|Any CPU
	EndGlobalSection
	GlobalSection(ProjectConfigurationPlatforms) = postSolution
		{FF41B2F2-FB4F-455D-A92B-F6A6E9533F0C}.Debug|Any CPU.ActiveCfg = Debug|Any CPU
		{FF41B2F2-FB4F-455D-A92B-F6A6E9533F0C}.Debug|Any CPU.Build.0 = Debug|Any CPU
		{FF41B2F2-FB4F-455D-A92B-F6A6E9533F0C}.Debug|Any CPU.Deploy.0 = Debug|Any CPU
		{FF41B2F2-FB4F-455D-A92B-F6A6E9533F0C}.Release|Any CPU.ActiveCfg = Release|Any CPU
		{FF41B2F2-FB4F-455D-A92B-F6A6E9533F0C}.Release|Any CPU.Build.0 = Release|Any CPU
		{FF41B2F2-FB4F-455D-A92B-F6A6E9533F0C}.Release|Any CPU.Deploy.0 = Release|Any CPU
	EndGlobalSection
	GlobalSection(SolutionProperties) = preSolution
		HideSolutionNode = FALSE
	EndGlobalSection
	GlobalSection(ExtensibilityGlobals) = postSolution
		SolutionGuid = {3C6504DB-242D-4ACD-88EC-410ADB7D8DE4}
	EndGlobalSection
EndGlobal
